// !$*UTF8*$!
{
	archiveVersion = 1;
	classes = {
	};
	objectVersion = 46;
	objects = {

/* Begin PBXBuildFile section */
		721E0C7E1D1EB51A005F8516 /* 唱针.png in Resources */ = {isa = PBXBuildFile; fileRef = 721E0C7D1D1EB51A005F8516 /* 唱针.png */; };
		7267436B1D19753100678953 /* 添加图片.png in Resources */ = {isa = PBXBuildFile; fileRef = 7267436A1D19753100678953 /* 添加图片.png */; };
		7267436F1D19758300678953 /* SongImageView.m in Sources */ = {isa = PBXBuildFile; fileRef = 7267436E1D19758300678953 /* SongImageView.m */; };
		726743711D199A1D00678953 /* 栏目—播放.png in Resources */ = {isa = PBXBuildFile; fileRef = 726743701D199A1D00678953 /* 栏目—播放.png */; };
		72ED05D31D17EAC30033C8B0 /* main.m in Sources */ = {isa = PBXBuildFile; fileRef = 72ED05D21D17EAC30033C8B0 /* main.m */; };
		72ED05D61D17EAC30033C8B0 /* AppDelegate.m in Sources */ = {isa = PBXBuildFile; fileRef = 72ED05D51D17EAC30033C8B0 /* AppDelegate.m */; };
		72ED05D91D17EAC30033C8B0 /* ViewController.m in Sources */ = {isa = PBXBuildFile; fileRef = 72ED05D81D17EAC30033C8B0 /* ViewController.m */; };
		72ED05DC1D17EAC30033C8B0 /* Main.storyboard in Resources */ = {isa = PBXBuildFile; fileRef = 72ED05DA1D17EAC30033C8B0 /* Main.storyboard */; };
		72ED05DE1D17EAC30033C8B0 /* Assets.xcassets in Resources */ = {isa = PBXBuildFile; fileRef = 72ED05DD1D17EAC30033C8B0 /* Assets.xcassets */; };
		72ED05E11D17EAC30033C8B0 /* LaunchScreen.storyboard in Resources */ = {isa = PBXBuildFile; fileRef = 72ED05DF1D17EAC30033C8B0 /* LaunchScreen.storyboard */; };
		8090E0AC2CFC30B043412AA3 /* Pods_Music.framework in Frameworks */ = {isa = PBXBuildFile; fileRef = AED18BCCF2F133948C17A3CF /* Pods_Music.framework */; };
/* End PBXBuildFile section */

/* Begin PBXFileReference section */
		38F9E12B38CD564330A742F3 /* Pods-Music.release.xcconfig */ = {isa = PBXFileReference; includeInIndex = 1; lastKnownFileType = text.xcconfig; name = "Pods-Music.release.xcconfig"; path = "Pods/Target Support Files/Pods-Music/Pods-Music.release.xcconfig"; sourceTree = "<group>"; };
		721E0C7D1D1EB51A005F8516 /* 唱针.png */ = {isa = PBXFileReference; lastKnownFileType = image.png; path = "唱针.png"; sourceTree = "<group>"; };
		7267436A1D19753100678953 /* 添加图片.png */ = {isa = PBXFileReference; lastKnownFileType = image.png; path = "添加图片.png"; sourceTree = "<group>"; };
		7267436D1D19758300678953 /* SongImageView.h */ = {isa = PBXFileReference; fileEncoding = 4; lastKnownFileType = sourcecode.c.h; path = SongImageView.h; sourceTree = "<group>"; };
		7267436E1D19758300678953 /* SongImageView.m */ = {isa = PBXFileReference; fileEncoding = 4; lastKnownFileType = sourcecode.c.objc; path = SongImageView.m; sourceTree = "<group>"; };
		726743701D199A1D00678953 /* 栏目—播放.png */ = {isa = PBXFileReference; lastKnownFileType = image.png; path = "栏目—播放.png"; sourceTree = "<group>"; };
		72ED05CE1D17EAC30033C8B0 /* Music.app */ = {isa = PBXFileReference; explicitFileType = wrapper.application; includeInIndex = 0; path = Music.app; sourceTree = BUILT_PRODUCTS_DIR; };
		72ED05D21D17EAC30033C8B0 /* main.m */ = {isa = PBXFileReference; lastKnownFileType = sourcecode.c.objc; path = main.m; sourceTree = "<group>"; };
		72ED05D41D17EAC30033C8B0 /* AppDelegate.h */ = {isa = PBXFileReference; lastKnownFileType = sourcecode.c.h; path = AppDelegate.h; sourceTree = "<group>"; };
		72ED05D51D17EAC30033C8B0 /* AppDelegate.m */ = {isa = PBXFileReference; lastKnownFileType = sourcecode.c.objc; path = AppDelegate.m; sourceTree = "<group>"; };
		72ED05D71D17EAC30033C8B0 /* ViewController.h */ = {isa = PBXFileReference; lastKnownFileType = sourcecode.c.h; path = ViewController.h; sourceTree = "<group>"; };
		72ED05D81D17EAC30033C8B0 /* ViewController.m */ = {isa = PBXFileReference; lastKnownFileType = sourcecode.c.objc; path = ViewController.m; sourceTree = "<group>"; };
		72ED05DB1D17EAC30033C8B0 /* Base */ = {isa = PBXFileReference; lastKnownFileType = file.storyboard; name = Base; path = Base.lproj/Main.storyboard; sourceTree = "<group>"; };
		72ED05DD1D17EAC30033C8B0 /* Assets.xcassets */ = {isa = PBXFileReference; lastKnownFileType = folder.assetcatalog; path = Assets.xcassets; sourceTree = "<group>"; };
		72ED05E01D17EAC30033C8B0 /* Base */ = {isa = PBXFileReference; lastKnownFileType = file.storyboard; name = Base; path = Base.lproj/LaunchScreen.storyboard; sourceTree = "<group>"; };
		72ED05E21D17EAC30033C8B0 /* Info.plist */ = {isa = PBXFileReference; lastKnownFileType = text.plist.xml; path = Info.plist; sourceTree = "<group>"; };
		794EEED19A9BA09BA70E447F /* Pods-Music.debug.xcconfig */ = {isa = PBXFileReference; includeInIndex = 1; lastKnownFileType = text.xcconfig; name = "Pods-Music.debug.xcconfig"; path = "Pods/Target Support Files/Pods-Music/Pods-Music.debug.xcconfig"; sourceTree = "<group>"; };
		AED18BCCF2F133948C17A3CF /* Pods_Music.framework */ = {isa = PBXFileReference; explicitFileType = wrapper.framework; includeInIndex = 0; path = Pods_Music.framework; sourceTree = BUILT_PRODUCTS_DIR; };
/* End PBXFileReference section */

/* Begin PBXFrameworksBuildPhase section */
		72ED05CB1D17EAC30033C8B0 /* Frameworks */ = {
			isa = PBXFrameworksBuildPhase;
			buildActionMask = 2147483647;
			files = (
				8090E0AC2CFC30B043412AA3 /* Pods_Music.framework in Frameworks */,
			);
			runOnlyForDeploymentPostprocessing = 0;
		};
/* End PBXFrameworksBuildPhase section */

/* Begin PBXGroup section */
		12F829FB269DF5E28CF28852 /* Pods */ = {
			isa = PBXGroup;
			children = (
				794EEED19A9BA09BA70E447F /* Pods-Music.debug.xcconfig */,
				38F9E12B38CD564330A742F3 /* Pods-Music.release.xcconfig */,
			);
			name = Pods;
			sourceTree = "<group>";
		};
		6D8C6A991C2E1E7926C8831C /* Frameworks */ = {
			isa = PBXGroup;
			children = (
				AED18BCCF2F133948C17A3CF /* Pods_Music.framework */,
			);
			name = Frameworks;
			sourceTree = "<group>";
		};
		726743691D19753100678953 /* 图片 */ = {
			isa = PBXGroup;
			children = (
				721E0C7D1D1EB51A005F8516 /* 唱针.png */,
				726743701D199A1D00678953 /* 栏目—播放.png */,
				7267436A1D19753100678953 /* 添加图片.png */,
			);
			path = "图片";
			sourceTree = "<group>";
		};
		7267436C1D19753D00678953 /* 唱片旋转 */ = {
			isa = PBXGroup;
			children = (
				7267436D1D19758300678953 /* SongImageView.h */,
				7267436E1D19758300678953 /* SongImageView.m */,
			);
			name = "唱片旋转";
			sourceTree = "<group>";
		};
		72ED05C51D17EAC30033C8B0 = {
			isa = PBXGroup;
			children = (
				726743691D19753100678953 /* 图片 */,
				72ED05D01D17EAC30033C8B0 /* Music */,
				72ED05CF1D17EAC30033C8B0 /* Products */,
				12F829FB269DF5E28CF28852 /* Pods */,
				6D8C6A991C2E1E7926C8831C /* Frameworks */,
			);
			sourceTree = "<group>";
		};
		72ED05CF1D17EAC30033C8B0 /* Products */ = {
			isa = PBXGroup;
			children = (
				72ED05CE1D17EAC30033C8B0 /* Music.app */,
			);
			name = Products;
			sourceTree = "<group>";
		};
		72ED05D01D17EAC30033C8B0 /* Music */ = {
			isa = PBXGroup;
			children = (
				7267436C1D19753D00678953 /* 唱片旋转 */,
				72ED05D41D17EAC30033C8B0 /* AppDelegate.h */,
				72ED05D51D17EAC30033C8B0 /* AppDelegate.m */,
				72ED05D71D17EAC30033C8B0 /* ViewController.h */,
				72ED05D81D17EAC30033C8B0 /* ViewController.m */,
				72ED05DA1D17EAC30033C8B0 /* Main.storyboard */,
				72ED05DD1D17EAC30033C8B0 /* Assets.xcassets */,
				72ED05DF1D17EAC30033C8B0 /* LaunchScreen.storyboard */,
				72ED05E21D17EAC30033C8B0 /* Info.plist */,
				72ED05D11D17EAC30033C8B0 /* Supporting Files */,
			);
			path = Music;
			sourceTree = "<group>";
		};
		72ED05D11D17EAC30033C8B0 /* Supporting Files */ = {
			isa = PBXGroup;
			children = (
				72ED05D21D17EAC30033C8B0 /* main.m */,
			);
			name = "Supporting Files";
			sourceTree = "<group>";
		};
/* End PBXGroup section */

/* Begin PBXNativeTarget section */
		72ED05CD1D17EAC30033C8B0 /* Music */ = {
			isa = PBXNativeTarget;
			buildConfigurationList = 72ED05E51D17EAC30033C8B0 /* Build configuration list for PBXNativeTarget "Music" */;
			buildPhases = (
				6B3798A57C17912CB457B4FE /* Check Pods Manifest.lock */,
				72ED05CA1D17EAC30033C8B0 /* Sources */,
				72ED05CB1D17EAC30033C8B0 /* Frameworks */,
				72ED05CC1D17EAC30033C8B0 /* Resources */,
				13365E5B0593F904D863EB40 /* Embed Pods Frameworks */,
				28CE73010068FEAF96EAF352 /* Copy Pods Resources */,
			);
			buildRules = (
			);
			dependencies = (
			);
			name = Music;
			productName = Music;
			productReference = 72ED05CE1D17EAC30033C8B0 /* Music.app */;
			productType = "com.apple.product-type.application";
		};
/* End PBXNativeTarget section */

/* Begin PBXProject section */
		72ED05C61D17EAC30033C8B0 /* Project object */ = {
			isa = PBXProject;
			attributes = {
				LastUpgradeCheck = 0730;
				ORGANIZATIONNAME = HanghuanTech;
				TargetAttributes = {
					72ED05CD1D17EAC30033C8B0 = {
						CreatedOnToolsVersion = 7.3.1;
					};
				};
			};
			buildConfigurationList = 72ED05C91D17EAC30033C8B0 /* Build configuration list for PBXProject "Music" */;
			compatibilityVersion = "Xcode 3.2";
			developmentRegion = English;
			hasScannedForEncodings = 0;
			knownRegions = (
				en,
				Base,
			);
			mainGroup = 72ED05C51D17EAC30033C8B0;
			productRefGroup = 72ED05CF1D17EAC30033C8B0 /* Products */;
			projectDirPath = "";
			projectRoot = "";
			targets = (
				72ED05CD1D17EAC30033C8B0 /* Music */,
			);
		};
/* End PBXProject section */

/* Begin PBXResourcesBuildPhase section */
		72ED05CC1D17EAC30033C8B0 /* Resources */ = {
			isa = PBXResourcesBuildPhase;
			buildActionMask = 2147483647;
			files = (
				721E0C7E1D1EB51A005F8516 /* 唱针.png in Resources */,
				72ED05E11D17EAC30033C8B0 /* LaunchScreen.storyboard in Resources */,
				72ED05DE1D17EAC30033C8B0 /* Assets.xcassets in Resources */,
				72ED05DC1D17EAC30033C8B0 /* Main.storyboard in Resources */,
				7267436B1D19753100678953 /* 添加图片.png in Resources */,
				726743711D199A1D00678953 /* 栏目—播放.png in Resources */,
			);
			runOnlyForDeploymentPostprocessing = 0;
		};
/* End PBXResourcesBuildPhase section */

/* Begin PBXShellScriptBuildPhase section */
		13365E5B0593F904D863EB40 /* Embed Pods Frameworks */ = {
			isa = PBXShellScriptBuildPhase;
			buildActionMask = 2147483647;
			files = (
			);
			inputPaths = (
			);
			name = "Embed Pods Frameworks";
			outputPaths = (
			);
			runOnlyForDeploymentPostprocessing = 0;
			shellPath = /bin/sh;
			shellScript = "\"${SRCROOT}/Pods/Target Support Files/Pods-Music/Pods-Music-frameworks.sh\"\n";
			showEnvVarsInLog = 0;
		};
		28CE73010068FEAF96EAF352 /* Copy Pods Resources */ = {
			isa = PBXShellScriptBuildPhase;
			buildActionMask = 2147483647;
			files = (
			);
			inputPaths = (
			);
			name = "Copy Pods Resources";
			outputPaths = (
			);
			runOnlyForDeploymentPostprocessing = 0;
			shellPath = /bin/sh;
			shellScript = "\"${SRCROOT}/Pods/Target Support Files/Pods-Music/Pods-Music-resources.sh\"\n";
			showEnvVarsInLog = 0;
		};
		6B3798A57C17912CB457B4FE /* Check Pods Manifest.lock */ = {
			isa = PBXShellScriptBuildPhase;
			buildActionMask = 2147483647;
			files = (
			);
			inputPaths = (
			);
			name = "Check Pods Manifest.lock";
			outputPaths = (
			);
			runOnlyForDeploymentPostprocessing = 0;
			shellPath = /bin/sh;
			shellScript = "diff \"${PODS_ROOT}/../Podfile.lock\" \"${PODS_ROOT}/Manifest.lock\" > /dev/null\nif [[ $? != 0 ]] ; then\n    cat << EOM\nerror: The sandbox is not in sync with the Podfile.lock. Run 'pod install' or update your CocoaPods installation.\nEOM\n    exit 1\nfi\n";
			showEnvVarsInLog = 0;
		};
/* End PBXShellScriptBuildPhase section */

/* Begin PBXSourcesBuildPhase section */
		72ED05CA1D17EAC30033C8B0 /* Sources */ = {
			isa = PBXSourcesBuildPhase;
			buildActionMask = 2147483647;
			files = (
				72ED05D91D17EAC30033C8B0 /* ViewController.m in Sources */,
				72ED05D61D17EAC30033C8B0 /* AppDelegate.m in Sources */,
				72ED05D31D17EAC30033C8B0 /* main.m in Sources */,
				7267436F1D19758300678953 /* SongImageView.m in Sources */,
			);
			runOnlyForDeploymentPostprocessing = 0;
		};
/* End PBXSourcesBuildPhase section */

/* Begin PBXVariantGroup section */
		72ED05DA1D17EAC30033C8B0 /* Main.storyboard */ = {
			isa = PBXVariantGroup;
			children = (
				72ED05DB1D17EAC30033C8B0 /* Base */,
			);
			name = Main.storyboard;
			sourceTree = "<group>";
		};
		72ED05DF1D17EAC30033C8B0 /* LaunchScreen.storyboard */ = {
			isa = PBXVariantGroup;
			children = (
				72ED05E01D17EAC30033C8B0 /* Base */,
			);
			name = LaunchScreen.storyboard;
			sourceTree = "<group>";
		};
/* End PBXVariantGroup section */

/* Begin XCBuildConfiguration section */
		72ED05E31D17EAC30033C8B0 /* Debug */ = {
			isa = XCBuildConfiguration;
			buildSettings = {
				ALWAYS_SEARCH_USER_PATHS = NO;
				CLANG_ANALYZER_NONNULL = YES;
				CLANG_CXX_LANGUAGE_STANDARD = "gnu++0x";
				CLANG_CXX_LIBRARY = "libc++";
				CLANG_ENABLE_MODULES = YES;
				CLANG_ENABLE_OBJC_ARC = YES;
				CLANG_WARN_BOOL_CONVERSION = YES;
				CLANG_WARN_CONSTANT_CONVERSION = YES;
				CLANG_WARN_DIRECT_OBJC_ISA_USAGE = YES_ERROR;
				CLANG_WARN_EMPTY_BODY = YES;
				CLANG_WARN_ENUM_CONVERSION = YES;
				CLANG_WARN_INT_CONVERSION = YES;
				CLANG_WARN_OBJC_ROOT_CLASS = YES_ERROR;
				CLANG_WARN_UNREACHABLE_CODE = YES;
				CLANG_WARN__DUPLICATE_METHOD_MATCH = YES;
				"CODE_SIGN_IDENTITY[sdk=iphoneos*]" = "iPhone Developer";
				COPY_PHASE_STRIP = NO;
				DEBUG_INFORMATION_FORMAT = dwarf;
				ENABLE_STRICT_OBJC_MSGSEND = YES;
				ENABLE_TESTABILITY = YES;
				GCC_C_LANGUAGE_STANDARD = gnu99;
				GCC_DYNAMIC_NO_PIC = NO;
				GCC_NO_COMMON_BLOCKS = YES;
				GCC_OPTIMIZATION_LEVEL = 0;
				GCC_PREPROCESSOR_DEFINITIONS = (
					"DEBUG=1",
					"$(inherited)",
				);
				GCC_WARN_64_TO_32_BIT_CONVERSION = YES;
				GCC_WARN_ABOUT_RETURN_TYPE = YES_ERROR;
				GCC_WARN_UNDECLARED_SELECTOR = YES;
				GCC_WARN_UNINITIALIZED_AUTOS = YES_AGGRESSIVE;
				GCC_WARN_UNUSED_FUNCTION = YES;
				GCC_WARN_UNUSED_VARIABLE = YES;
				IPHONEOS_DEPLOYMENT_TARGET = 9.3;
				MTL_ENABLE_DEBUG_INFO = YES;
				ONLY_ACTIVE_ARCH = YES;
				SDKROOT = iphoneos;
			};
			name = Debug;
		};
		72ED05E41D17EAC30033C8B0 /* Release */ = {
			isa = XCBuildConfiguration;
			buildSettings = {
				ALWAYS_SEARCH_USER_PATHS = NO;
				CLANG_ANALYZER_NONNULL = YES;
				CLANG_CXX_LANGUAGE_STANDARD = "gnu++0x";
				CLANG_CXX_LIBRARY = "libc++";
				CLANG_ENABLE_MODULES = YES;
				CLANG_ENABLE_OBJC_ARC = YES;
				CLANG_WARN_BOOL_CONVERSION = YES;
				CLANG_WARN_CONSTANT_CONVERSION = YES;
				CLANG_WARN_DIRECT_OBJC_ISA_USAGE = YES_ERROR;
				CLANG_WARN_EMPTY_BODY = YES;
				CLANG_WARN_ENUM_CONVERSION = YES;
				CLANG_WARN_INT_CONVERSION = YES;
				CLANG_WARN_OBJC_ROOT_CLASS = YES_ERROR;
				CLANG_WARN_UNREACHABLE_CODE = YES;
				CLANG_WARN__DUPLICATE_METHOD_MATCH = YES;
				"CODE_SIGN_IDENTITY[sdk=iphoneos*]" = "iPhone Developer";
				COPY_PHASE_STRIP = NO;
				DEBUG_INFORMATION_FORMAT = "dwarf-with-dsym";
				ENABLE_NS_ASSERTIONS = NO;
				ENABLE_STRICT_OBJC_MSGSEND = YES;
				GCC_C_LANGUAGE_STANDARD = gnu99;
				GCC_NO_COMMON_BLOCKS = YES;
				GCC_WARN_64_TO_32_BIT_CONVERSION = YES;
				GCC_WARN_ABOUT_RETURN_TYPE = YES_ERROR;
				GCC_WARN_UNDECLARED_SELECTOR = YES;
				GCC_WARN_UNINITIALIZED_AUTOS = YES_AGGRESSIVE;
				GCC_WARN_UNUSED_FUNCTION = YES;
				GCC_WARN_UNUSED_VARIABLE = YES;
				IPHONEOS_DEPLOYMENT_TARGET = 9.3;
				MTL_ENABLE_DEBUG_INFO = NO;
				SDKROOT = iphoneos;
				VALIDATE_PRODUCT = YES;
			};
			name = Release;
		};
		72ED05E61D17EAC30033C8B0 /* Debug */ = {
			isa = XCBuildConfiguration;
			baseConfigurationReference = 794EEED19A9BA09BA70E447F /* Pods-Music.debug.xcconfig */;
			buildSettings = {
				ASSETCATALOG_COMPILER_APPICON_NAME = AppIcon;
				INFOPLIST_FILE = Music/Info.plist;
				LD_RUNPATH_SEARCH_PATHS = "$(inherited) @executable_path/Frameworks";
				PRODUCT_BUNDLE_IDENTIFIER = com.Music;
				PRODUCT_NAME = "$(TARGET_NAME)";
			};
			name = Debug;
		};
		72ED05E71D17EAC30033C8B0 /* Release */ = {
			isa = XCBuildConfiguration;
			baseConfigurationReference = 38F9E12B38CD564330A742F3 /* Pods-Music.release.xcconfig */;
			buildSettings = {
				ASSETCATALOG_COMPILER_APPICON_NAME = AppIcon;
				INFOPLIST_FILE = Music/Info.plist;
				LD_RUNPATH_SEARCH_PATHS = "$(inherited) @executable_path/Frameworks";
				PRODUCT_BUNDLE_IDENTIFIER = com.Music;
				PRODUCT_NAME = "$(TARGET_NAME)";
			};
			name = Release;
		};
/* End XCBuildConfiguration section */

/* Begin XCConfigurationList section */
		72ED05C91D17EAC30033C8B0 /* Build configuration list for PBXProject "Music" */ = {
			isa = XCConfigurationList;
			buildConfigurations = (
				72ED05E31D17EAC30033C8B0 /* Debug */,
				72ED05E41D17EAC30033C8B0 /* Release */,
			);
			defaultConfigurationIsVisible = 0;
			defaultConfigurationName = Release;
		};
		72ED05E51D17EAC30033C8B0 /* Build configuration list for PBXNativeTarget "Music" */ = {
			isa = XCConfigurationList;
			buildConfigurations = (
				72ED05E61D17EAC30033C8B0 /* Debug */,
				72ED05E71D17EAC30033C8B0 /* Release */,
			);
			defaultConfigurationIsVisible = 0;
			defaultConfigurationName = Release;
		};
/* End XCConfigurationList section */
	};
	rootObject = 72ED05C61D17EAC30033C8B0 /* Project object */;
}
